
Microsoft Visual Studio Solution File, Format Version 11.00
# Visual Studio 2010
Project("{FAE04EC0-301F-11D3-BF4B-00C04F79EFBC}") = "SerialService.libs", "CDrugShelf485\SerialService.libs.csproj", "{DA29D775-835C-4D3B-B37C-EEEF1B9290D8}"
EndProject
Project("{FAE04EC0-301F-11D3-BF4B-00C04F79EFBC}") = "SerialService", "SerialService\SerialService.csproj", "{4E9542B7-63A0-4940-A158-6B20CE77DE9B}"
EndProject
Project("{FAE04EC0-301F-11D3-BF4B-00C04F79EFBC}") = "TestReceive", "TestReceive\TestReceive.csproj", "{8D54AA90-8622-44D3-874B-AA88634EB594}"
EndProject
Global
	GlobalSection(SolutionConfigurationPlatforms) = preSolution
		Debug|Any CPU = Debug|Any CPU
		Debug|Mixed Platforms = Debug|Mixed Platforms
		Debug|x64 = Debug|x64
		Debug|x86 = Debug|x86
		Release|Any CPU = Release|Any CPU
		Release|Mixed Platforms = Release|Mixed Platforms
		Release|x64 = Release|x64
		Release|x86 = Release|x86
	EndGlobalSection
	GlobalSection(ProjectConfigurationPlatforms) = postSolution
		{DA29D775-835C-4D3B-B37C-EEEF1B9290D8}.Debug|Any CPU.ActiveCfg = Debug|Any CPU
		{DA29D775-835C-4D3B-B37C-EEEF1B9290D8}.Debug|Any CPU.Build.0 = Debug|Any CPU
		{DA29D775-835C-4D3B-B37C-EEEF1B9290D8}.Debug|Mixed Platforms.ActiveCfg = Debug|x86
		{DA29D775-835C-4D3B-B37C-EEEF1B9290D8}.Debug|Mixed Platforms.Build.0 = Debug|x86
		{DA29D775-835C-4D3B-B37C-EEEF1B9290D8}.Debug|x64.ActiveCfg = Debug|Any CPU
		{DA29D775-835C-4D3B-B37C-EEEF1B9290D8}.Debug|x86.ActiveCfg = Debug|Any CPU
		{DA29D775-835C-4D3B-B37C-EEEF1B9290D8}.Release|Any CPU.ActiveCfg = Release|Any CPU
		{DA29D775-835C-4D3B-B37C-EEEF1B9290D8}.Release|Any CPU.Build.0 = Release|Any CPU
		{DA29D775-835C-4D3B-B37C-EEEF1B9290D8}.Release|Mixed Platforms.ActiveCfg = Release|Any CPU
		{DA29D775-835C-4D3B-B37C-EEEF1B9290D8}.Release|Mixed Platforms.Build.0 = Release|Any CPU
		{DA29D775-835C-4D3B-B37C-EEEF1B9290D8}.Release|x64.ActiveCfg = Release|Any CPU
		{DA29D775-835C-4D3B-B37C-EEEF1B9290D8}.Release|x86.ActiveCfg = Release|Any CPU
		{4E9542B7-63A0-4940-A158-6B20CE77DE9B}.Debug|Any CPU.ActiveCfg = Debug|x86
		{4E9542B7-63A0-4940-A158-6B20CE77DE9B}.Debug|Mixed Platforms.ActiveCfg = Debug|x86
		{4E9542B7-63A0-4940-A158-6B20CE77DE9B}.Debug|Mixed Platforms.Build.0 = Debug|x86
		{4E9542B7-63A0-4940-A158-6B20CE77DE9B}.Debug|x64.ActiveCfg = Debug|x86
		{4E9542B7-63A0-4940-A158-6B20CE77DE9B}.Debug|x86.ActiveCfg = Debug|x86
		{4E9542B7-63A0-4940-A158-6B20CE77DE9B}.Debug|x86.Build.0 = Debug|x86
		{4E9542B7-63A0-4940-A158-6B20CE77DE9B}.Release|Any CPU.ActiveCfg = Release|x86
		{4E9542B7-63A0-4940-A158-6B20CE77DE9B}.Release|Mixed Platforms.ActiveCfg = Release|x86
		{4E9542B7-63A0-4940-A158-6B20CE77DE9B}.Release|Mixed Platforms.Build.0 = Release|x86
		{4E9542B7-63A0-4940-A158-6B20CE77DE9B}.Release|x64.ActiveCfg = Release|x86
		{4E9542B7-63A0-4940-A158-6B20CE77DE9B}.Release|x86.ActiveCfg = Release|x86
		{4E9542B7-63A0-4940-A158-6B20CE77DE9B}.Release|x86.Build.0 = Release|x86
		{8D54AA90-8622-44D3-874B-AA88634EB594}.Debug|Any CPU.ActiveCfg = Debug|x86
		{8D54AA90-8622-44D3-874B-AA88634EB594}.Debug|Mixed Platforms.ActiveCfg = Debug|x86
		{8D54AA90-8622-44D3-874B-AA88634EB594}.Debug|Mixed Platforms.Build.0 = Debug|x86
		{8D54AA90-8622-44D3-874B-AA88634EB594}.Debug|x64.ActiveCfg = Debug|x86
		{8D54AA90-8622-44D3-874B-AA88634EB594}.Debug|x86.ActiveCfg = Debug|x86
		{8D54AA90-8622-44D3-874B-AA88634EB594}.Debug|x86.Build.0 = Debug|x86
		{8D54AA90-8622-44D3-874B-AA88634EB594}.Release|Any CPU.ActiveCfg = Release|x86
		{8D54AA90-8622-44D3-874B-AA88634EB594}.Release|Mixed Platforms.ActiveCfg = Release|x86
		{8D54AA90-8622-44D3-874B-AA88634EB594}.Release|Mixed Platforms.Build.0 = Release|x86
		{8D54AA90-8622-44D3-874B-AA88634EB594}.Release|x64.ActiveCfg = Release|x86
		{8D54AA90-8622-44D3-874B-AA88634EB594}.Release|x86.ActiveCfg = Release|x86
		{8D54AA90-8622-44D3-874B-AA88634EB594}.Release|x86.Build.0 = Release|x86
	EndGlobalSection
	GlobalSection(SolutionProperties) = preSolution
		HideSolutionNode = FALSE
	EndGlobalSection
EndGlobal
